// !$*UTF8*$!
{
	archiveVersion = 1;
	classes = {
	};
	objectVersion = 46;
	objects = {

/* Begin PBXBuildFile section */
		AB9CC4351D29476D00160DA2 /* UUIDv5.h in Headers */ = {isa = PBXBuildFile; fileRef = AB9CC4341D29476D00160DA2 /* UUIDv5.h */; settings = {ATTRIBUTES = (Public, ); }; };
		AB9CC43C1D29476E00160DA2 /* UUIDv5.framework in Frameworks */ = {isa = PBXBuildFile; fileRef = AB9CC4311D29476D00160DA2 /* UUIDv5.framework */; };
		AB9CC44C1D294BCC00160DA2 /* UUID+V5.swift in Sources */ = {isa = PBXBuildFile; fileRef = AB9CC44B1D294BCC00160DA2 /* UUID+V5.swift */; };
		AB9CC45E1D294C1400160DA2 /* CommonCrypto.xcconfig in Resources */ = {isa = PBXBuildFile; fileRef = AB9CC45A1D294C1400160DA2 /* CommonCrypto.xcconfig */; };
		AB9CC45F1D294C2800160DA2 /* CommonCrypto.framework in Frameworks */ = {isa = PBXBuildFile; fileRef = AB9CC4521D294BE900160DA2 /* CommonCrypto.framework */; };
		AB9CC4611D294CC400160DA2 /* UUIDv5Tests.swift in Sources */ = {isa = PBXBuildFile; fileRef = AB9CC4601D294CC400160DA2 /* UUIDv5Tests.swift */; };
		AB9CC4641D2958DD00160DA2 /* UUID+V5.swift in Sources */ = {isa = PBXBuildFile; fileRef = AB9CC44B1D294BCC00160DA2 /* UUID+V5.swift */; };
		AB9CC4661D2958DD00160DA2 /* CommonCrypto.framework in Frameworks */ = {isa = PBXBuildFile; fileRef = AB9CC4521D294BE900160DA2 /* CommonCrypto.framework */; };
		AB9CC4681D2958DD00160DA2 /* UUIDv5.h in Headers */ = {isa = PBXBuildFile; fileRef = AB9CC4341D29476D00160DA2 /* UUIDv5.h */; settings = {ATTRIBUTES = (Public, ); }; };
		AB9CC4771D29592500160DA2 /* UUIDv5-watchOS.h in Headers */ = {isa = PBXBuildFile; fileRef = AB9CC4761D29592500160DA2 /* UUIDv5-watchOS.h */; settings = {ATTRIBUTES = (Public, ); }; };
		AB9CC47C1D29593200160DA2 /* UUID+V5.swift in Sources */ = {isa = PBXBuildFile; fileRef = AB9CC44B1D294BCC00160DA2 /* UUID+V5.swift */; };
		AB9CC4851D29596900160DA2 /* UUIDv5-tvOS.h in Headers */ = {isa = PBXBuildFile; fileRef = AB9CC4841D29596900160DA2 /* UUIDv5-tvOS.h */; settings = {ATTRIBUTES = (Public, ); }; };
		AB9CC4921D29598B00160DA2 /* UUIDv5-macOS.h in Headers */ = {isa = PBXBuildFile; fileRef = AB9CC4911D29598B00160DA2 /* UUIDv5-macOS.h */; settings = {ATTRIBUTES = (Public, ); }; };
		AB9CC4971D29599200160DA2 /* UUID+V5.swift in Sources */ = {isa = PBXBuildFile; fileRef = AB9CC44B1D294BCC00160DA2 /* UUID+V5.swift */; };
		AB9CC4981D29599300160DA2 /* UUID+V5.swift in Sources */ = {isa = PBXBuildFile; fileRef = AB9CC44B1D294BCC00160DA2 /* UUID+V5.swift */; };
		AB9CC4991D2959B300160DA2 /* CommonCrypto.framework in Frameworks */ = {isa = PBXBuildFile; fileRef = AB9CC4521D294BE900160DA2 /* CommonCrypto.framework */; };
		AB9CC49A1D2959BD00160DA2 /* CommonCrypto.framework in Frameworks */ = {isa = PBXBuildFile; fileRef = AB9CC4521D294BE900160DA2 /* CommonCrypto.framework */; };
		AB9CC49B1D2959C600160DA2 /* CommonCrypto.framework in Frameworks */ = {isa = PBXBuildFile; fileRef = AB9CC4521D294BE900160DA2 /* CommonCrypto.framework */; };
/* End PBXBuildFile section */

/* Begin PBXContainerItemProxy section */
		AB9CC43D1D29476E00160DA2 /* PBXContainerItemProxy */ = {
			isa = PBXContainerItemProxy;
			containerPortal = AB9CC4281D29476D00160DA2 /* Project object */;
			proxyType = 1;
			remoteGlobalIDString = AB9CC4301D29476D00160DA2;
			remoteInfo = UUIDv5;
		};
/* End PBXContainerItemProxy section */

/* Begin PBXFileReference section */
		AB9CC4311D29476D00160DA2 /* UUIDv5.framework */ = {isa = PBXFileReference; explicitFileType = wrapper.framework; includeInIndex = 0; path = UUIDv5.framework; sourceTree = BUILT_PRODUCTS_DIR; };
		AB9CC4341D29476D00160DA2 /* UUIDv5.h */ = {isa = PBXFileReference; lastKnownFileType = sourcecode.c.h; path = UUIDv5.h; sourceTree = "<group>"; };
		AB9CC4361D29476D00160DA2 /* Info.plist */ = {isa = PBXFileReference; lastKnownFileType = text.plist.xml; path = Info.plist; sourceTree = "<group>"; };
		AB9CC43B1D29476E00160DA2 /* UUIDv5Tests.xctest */ = {isa = PBXFileReference; explicitFileType = wrapper.cfbundle; includeInIndex = 0; path = UUIDv5Tests.xctest; sourceTree = BUILT_PRODUCTS_DIR; };
		AB9CC4421D29476E00160DA2 /* Info.plist */ = {isa = PBXFileReference; lastKnownFileType = text.plist.xml; path = Info.plist; sourceTree = "<group>"; };
		AB9CC44B1D294BCC00160DA2 /* UUID+V5.swift */ = {isa = PBXFileReference; fileEncoding = 4; lastKnownFileType = sourcecode.swift; path = "UUID+V5.swift"; sourceTree = "<group>"; };
		AB9CC4521D294BE900160DA2 /* CommonCrypto.framework */ = {isa = PBXFileReference; explicitFileType = wrapper.framework; includeInIndex = 0; path = CommonCrypto.framework; sourceTree = BUILT_PRODUCTS_DIR; };
		AB9CC4561D294BEA00160DA2 /* Info.plist */ = {isa = PBXFileReference; lastKnownFileType = text.plist.xml; path = Info.plist; sourceTree = "<group>"; };
		AB9CC45A1D294C1400160DA2 /* CommonCrypto.xcconfig */ = {isa = PBXFileReference; fileEncoding = 4; lastKnownFileType = text.xcconfig; path = CommonCrypto.xcconfig; sourceTree = "<group>"; };
		AB9CC45B1D294C1400160DA2 /* iphoneos.modulemap */ = {isa = PBXFileReference; fileEncoding = 4; lastKnownFileType = "sourcecode.module-map"; path = iphoneos.modulemap; sourceTree = "<group>"; };
		AB9CC45C1D294C1400160DA2 /* iphonesimulator.modulemap */ = {isa = PBXFileReference; fileEncoding = 4; lastKnownFileType = "sourcecode.module-map"; path = iphonesimulator.modulemap; sourceTree = "<group>"; };
		AB9CC45D1D294C1400160DA2 /* macosx.modulemap */ = {isa = PBXFileReference; fileEncoding = 4; lastKnownFileType = "sourcecode.module-map"; path = macosx.modulemap; sourceTree = "<group>"; };
		AB9CC4601D294CC400160DA2 /* UUIDv5Tests.swift */ = {isa = PBXFileReference; fileEncoding = 4; lastKnownFileType = sourcecode.swift; path = UUIDv5Tests.swift; sourceTree = "<group>"; };
		AB9CC46D1D2958DD00160DA2 /* UUIDv5.framework */ = {isa = PBXFileReference; explicitFileType = wrapper.framework; includeInIndex = 0; path = UUIDv5.framework; sourceTree = BUILT_PRODUCTS_DIR; };
		AB9CC4741D29592500160DA2 /* UUIDv5.framework */ = {isa = PBXFileReference; explicitFileType = wrapper.framework; includeInIndex = 0; path = UUIDv5.framework; sourceTree = BUILT_PRODUCTS_DIR; };
		AB9CC4761D29592500160DA2 /* UUIDv5-watchOS.h */ = {isa = PBXFileReference; lastKnownFileType = sourcecode.c.h; path = "UUIDv5-watchOS.h"; sourceTree = "<group>"; };
		AB9CC4781D29592500160DA2 /* Info.plist */ = {isa = PBXFileReference; lastKnownFileType = text.plist.xml; path = Info.plist; sourceTree = "<group>"; };
		AB9CC4821D29596900160DA2 /* UUIDv5.framework */ = {isa = PBXFileReference; explicitFileType = wrapper.framework; includeInIndex = 0; path = UUIDv5.framework; sourceTree = BUILT_PRODUCTS_DIR; };
		AB9CC4841D29596900160DA2 /* UUIDv5-tvOS.h */ = {isa = PBXFileReference; lastKnownFileType = sourcecode.c.h; path = "UUIDv5-tvOS.h"; sourceTree = "<group>"; };
		AB9CC4861D29596900160DA2 /* Info.plist */ = {isa = PBXFileReference; lastKnownFileType = text.plist.xml; path = Info.plist; sourceTree = "<group>"; };
		AB9CC48F1D29598B00160DA2 /* UUIDv5.framework */ = {isa = PBXFileReference; explicitFileType = wrapper.framework; includeInIndex = 0; path = UUIDv5.framework; sourceTree = BUILT_PRODUCTS_DIR; };
		AB9CC4911D29598B00160DA2 /* UUIDv5-macOS.h */ = {isa = PBXFileReference; lastKnownFileType = sourcecode.c.h; path = "UUIDv5-macOS.h"; sourceTree = "<group>"; };
		AB9CC4931D29598B00160DA2 /* Info.plist */ = {isa = PBXFileReference; lastKnownFileType = text.plist.xml; path = Info.plist; sourceTree = "<group>"; };
		AB9CC4A11D296ADF00160DA2 /* appletvos.modulemap */ = {isa = PBXFileReference; fileEncoding = 4; lastKnownFileType = "sourcecode.module-map"; path = appletvos.modulemap; sourceTree = "<group>"; };
		AB9CC4A21D296ADF00160DA2 /* appletvsimulator.modulemap */ = {isa = PBXFileReference; fileEncoding = 4; lastKnownFileType = "sourcecode.module-map"; path = appletvsimulator.modulemap; sourceTree = "<group>"; };
		AB9CC4A31D296ADF00160DA2 /* watchos.modulemap */ = {isa = PBXFileReference; fileEncoding = 4; lastKnownFileType = "sourcecode.module-map"; path = watchos.modulemap; sourceTree = "<group>"; };
		AB9CC4A41D296ADF00160DA2 /* watchsimulator.modulemap */ = {isa = PBXFileReference; fileEncoding = 4; lastKnownFileType = "sourcecode.module-map"; path = watchsimulator.modulemap; sourceTree = "<group>"; };
/* End PBXFileReference section */

/* Begin PBXFrameworksBuildPhase section */
		AB9CC42D1D29476D00160DA2 /* Frameworks */ = {
			isa = PBXFrameworksBuildPhase;
			buildActionMask = 2147483647;
			files = (
				AB9CC45F1D294C2800160DA2 /* CommonCrypto.framework in Frameworks */,
			);
			runOnlyForDeploymentPostprocessing = 0;
		};
		AB9CC4381D29476E00160DA2 /* Frameworks */ = {
			isa = PBXFrameworksBuildPhase;
			buildActionMask = 2147483647;
			files = (
				AB9CC43C1D29476E00160DA2 /* UUIDv5.framework in Frameworks */,
			);
			runOnlyForDeploymentPostprocessing = 0;
		};
		AB9CC44E1D294BE900160DA2 /* Frameworks */ = {
			isa = PBXFrameworksBuildPhase;
			buildActionMask = 2147483647;
			files = (
			);
			runOnlyForDeploymentPostprocessing = 0;
		};
		AB9CC4651D2958DD00160DA2 /* Frameworks */ = {
			isa = PBXFrameworksBuildPhase;
			buildActionMask = 2147483647;
			files = (
				AB9CC4661D2958DD00160DA2 /* CommonCrypto.framework in Frameworks */,
			);
			runOnlyForDeploymentPostprocessing = 0;
		};
		AB9CC4701D29592500160DA2 /* Frameworks */ = {
			isa = PBXFrameworksBuildPhase;
			buildActionMask = 2147483647;
			files = (
				AB9CC4991D2959B300160DA2 /* CommonCrypto.framework in Frameworks */,
			);
			runOnlyForDeploymentPostprocessing = 0;
		};
		AB9CC47E1D29596900160DA2 /* Frameworks */ = {
			isa = PBXFrameworksBuildPhase;
			buildActionMask = 2147483647;
			files = (
				AB9CC49A1D2959BD00160DA2 /* CommonCrypto.framework in Frameworks */,
			);
			runOnlyForDeploymentPostprocessing = 0;
		};
		AB9CC48B1D29598B00160DA2 /* Frameworks */ = {
			isa = PBXFrameworksBuildPhase;
			buildActionMask = 2147483647;
			files = (
				AB9CC49B1D2959C600160DA2 /* CommonCrypto.framework in Frameworks */,
			);
			runOnlyForDeploymentPostprocessing = 0;
		};
/* End PBXFrameworksBuildPhase section */

/* Begin PBXGroup section */
		AB9CC4271D29476D00160DA2 = {
			isa = PBXGroup;
			children = (
				AB9CC4331D29476D00160DA2 /* UUIDv5 */,
				AB9CC43F1D29476E00160DA2 /* UUIDv5Tests */,
				AB9CC4531D294BE900160DA2 /* CommonCrypto */,
				AB9CC4751D29592500160DA2 /* UUIDv5-watchOS */,
				AB9CC4831D29596900160DA2 /* UUIDv5-tvOS */,
				AB9CC4901D29598B00160DA2 /* UUIDv5-macOS */,
				AB9CC4321D29476D00160DA2 /* Products */,
			);
			sourceTree = "<group>";
		};
		AB9CC4321D29476D00160DA2 /* Products */ = {
			isa = PBXGroup;
			children = (
				AB9CC4311D29476D00160DA2 /* UUIDv5.framework */,
				AB9CC43B1D29476E00160DA2 /* UUIDv5Tests.xctest */,
				AB9CC4521D294BE900160DA2 /* CommonCrypto.framework */,
				AB9CC46D1D2958DD00160DA2 /* UUIDv5.framework */,
				AB9CC4741D29592500160DA2 /* UUIDv5.framework */,
				AB9CC4821D29596900160DA2 /* UUIDv5.framework */,
				AB9CC48F1D29598B00160DA2 /* UUIDv5.framework */,
			);
			name = Products;
			sourceTree = "<group>";
		};
		AB9CC4331D29476D00160DA2 /* UUIDv5 */ = {
			isa = PBXGroup;
			children = (
				AB9CC44B1D294BCC00160DA2 /* UUID+V5.swift */,
				AB9CC4341D29476D00160DA2 /* UUIDv5.h */,
				AB9CC4361D29476D00160DA2 /* Info.plist */,
			);
			path = UUIDv5;
			sourceTree = "<group>";
		};
		AB9CC43F1D29476E00160DA2 /* UUIDv5Tests */ = {
			isa = PBXGroup;
			children = (
				AB9CC4601D294CC400160DA2 /* UUIDv5Tests.swift */,
				AB9CC4421D29476E00160DA2 /* Info.plist */,
			);
			path = UUIDv5Tests;
			sourceTree = "<group>";
		};
		AB9CC4531D294BE900160DA2 /* CommonCrypto */ = {
			isa = PBXGroup;
			children = (
				AB9CC4A11D296ADF00160DA2 /* appletvos.modulemap */,
				AB9CC4A21D296ADF00160DA2 /* appletvsimulator.modulemap */,
				AB9CC4A31D296ADF00160DA2 /* watchos.modulemap */,
				AB9CC4A41D296ADF00160DA2 /* watchsimulator.modulemap */,
				AB9CC45A1D294C1400160DA2 /* CommonCrypto.xcconfig */,
				AB9CC45B1D294C1400160DA2 /* iphoneos.modulemap */,
				AB9CC45C1D294C1400160DA2 /* iphonesimulator.modulemap */,
				AB9CC45D1D294C1400160DA2 /* macosx.modulemap */,
				AB9CC4561D294BEA00160DA2 /* Info.plist */,
			);
			path = CommonCrypto;
			sourceTree = "<group>";
		};
		AB9CC4751D29592500160DA2 /* UUIDv5-watchOS */ = {
			isa = PBXGroup;
			children = (
				AB9CC4761D29592500160DA2 /* UUIDv5-watchOS.h */,
				AB9CC4781D29592500160DA2 /* Info.plist */,
			);
			path = "UUIDv5-watchOS";
			sourceTree = "<group>";
		};
		AB9CC4831D29596900160DA2 /* UUIDv5-tvOS */ = {
			isa = PBXGroup;
			children = (
				AB9CC4841D29596900160DA2 /* UUIDv5-tvOS.h */,
				AB9CC4861D29596900160DA2 /* Info.plist */,
			);
			path = "UUIDv5-tvOS";
			sourceTree = "<group>";
		};
		AB9CC4901D29598B00160DA2 /* UUIDv5-macOS */ = {
			isa = PBXGroup;
			children = (
				AB9CC4911D29598B00160DA2 /* UUIDv5-macOS.h */,
				AB9CC4931D29598B00160DA2 /* Info.plist */,
			);
			path = "UUIDv5-macOS";
			sourceTree = "<group>";
		};
/* End PBXGroup section */

/* Begin PBXHeadersBuildPhase section */
		AB9CC42E1D29476D00160DA2 /* Headers */ = {
			isa = PBXHeadersBuildPhase;
			buildActionMask = 2147483647;
			files = (
				AB9CC4351D29476D00160DA2 /* UUIDv5.h in Headers */,
			);
			runOnlyForDeploymentPostprocessing = 0;
		};
		AB9CC44F1D294BE900160DA2 /* Headers */ = {
			isa = PBXHeadersBuildPhase;
			buildActionMask = 2147483647;
			files = (
			);
			runOnlyForDeploymentPostprocessing = 0;
		};
		AB9CC4671D2958DD00160DA2 /* Headers */ = {
			isa = PBXHeadersBuildPhase;
			buildActionMask = 2147483647;
			files = (
				AB9CC4681D2958DD00160DA2 /* UUIDv5.h in Headers */,
			);
			runOnlyForDeploymentPostprocessing = 0;
		};
		AB9CC4711D29592500160DA2 /* Headers */ = {
			isa = PBXHeadersBuildPhase;
			buildActionMask = 2147483647;
			files = (
				AB9CC4771D29592500160DA2 /* UUIDv5-watchOS.h in Headers */,
			);
			runOnlyForDeploymentPostprocessing = 0;
		};
		AB9CC47F1D29596900160DA2 /* Headers */ = {
			isa = PBXHeadersBuildPhase;
			buildActionMask = 2147483647;
			files = (
				AB9CC4851D29596900160DA2 /* UUIDv5-tvOS.h in Headers */,
			);
			runOnlyForDeploymentPostprocessing = 0;
		};
		AB9CC48C1D29598B00160DA2 /* Headers */ = {
			isa = PBXHeadersBuildPhase;
			buildActionMask = 2147483647;
			files = (
				AB9CC4921D29598B00160DA2 /* UUIDv5-macOS.h in Headers */,
			);
			runOnlyForDeploymentPostprocessing = 0;
		};
/* End PBXHeadersBuildPhase section */

/* Begin PBXNativeTarget section */
		AB9CC4301D29476D00160DA2 /* UUIDv5 */ = {
			isa = PBXNativeTarget;
			buildConfigurationList = AB9CC4451D29476E00160DA2 /* Build configuration list for PBXNativeTarget "UUIDv5" */;
			buildPhases = (
				AB9CC42C1D29476D00160DA2 /* Sources */,
				AB9CC42D1D29476D00160DA2 /* Frameworks */,
				AB9CC42E1D29476D00160DA2 /* Headers */,
				AB9CC42F1D29476D00160DA2 /* Resources */,
			);
			buildRules = (
			);
			dependencies = (
			);
			name = UUIDv5;
			productName = UUIDv5;
			productReference = AB9CC4311D29476D00160DA2 /* UUIDv5.framework */;
			productType = "com.apple.product-type.framework";
		};
		AB9CC43A1D29476E00160DA2 /* UUIDv5Tests */ = {
			isa = PBXNativeTarget;
			buildConfigurationList = AB9CC4481D29476E00160DA2 /* Build configuration list for PBXNativeTarget "UUIDv5Tests" */;
			buildPhases = (
				AB9CC4371D29476E00160DA2 /* Sources */,
				AB9CC4381D29476E00160DA2 /* Frameworks */,
				AB9CC4391D29476E00160DA2 /* Resources */,
			);
			buildRules = (
			);
			dependencies = (
				AB9CC43E1D29476E00160DA2 /* PBXTargetDependency */,
			);
			name = UUIDv5Tests;
			productName = UUIDv5Tests;
			productReference = AB9CC43B1D29476E00160DA2 /* UUIDv5Tests.xctest */;
			productType = "com.apple.product-type.bundle.unit-test";
		};
		AB9CC4511D294BE900160DA2 /* CommonCrypto */ = {
			isa = PBXNativeTarget;
			buildConfigurationList = AB9CC4571D294BEA00160DA2 /* Build configuration list for PBXNativeTarget "CommonCrypto" */;
			buildPhases = (
				AB9CC44D1D294BE900160DA2 /* Sources */,
				AB9CC44E1D294BE900160DA2 /* Frameworks */,
				AB9CC44F1D294BE900160DA2 /* Headers */,
				AB9CC4501D294BE900160DA2 /* Resources */,
			);
			buildRules = (
			);
			dependencies = (
			);
			name = CommonCrypto;
			productName = CommonCrypto;
			productReference = AB9CC4521D294BE900160DA2 /* CommonCrypto.framework */;
			productType = "com.apple.product-type.framework";
		};
		AB9CC4621D2958DD00160DA2 /* UUIDv5-iOS */ = {
			isa = PBXNativeTarget;
			buildConfigurationList = AB9CC46A1D2958DD00160DA2 /* Build configuration list for PBXNativeTarget "UUIDv5-iOS" */;
			buildPhases = (
				AB9CC4631D2958DD00160DA2 /* Sources */,
				AB9CC4651D2958DD00160DA2 /* Frameworks */,
				AB9CC4671D2958DD00160DA2 /* Headers */,
				AB9CC4691D2958DD00160DA2 /* Resources */,
			);
			buildRules = (
			);
			dependencies = (
			);
			name = "UUIDv5-iOS";
			productName = UUIDv5;
			productReference = AB9CC46D1D2958DD00160DA2 /* UUIDv5.framework */;
			productType = "com.apple.product-type.framework";
		};
		AB9CC4731D29592500160DA2 /* UUIDv5-watchOS */ = {
			isa = PBXNativeTarget;
			buildConfigurationList = AB9CC4791D29592500160DA2 /* Build configuration list for PBXNativeTarget "UUIDv5-watchOS" */;
			buildPhases = (
				AB9CC46F1D29592500160DA2 /* Sources */,
				AB9CC4701D29592500160DA2 /* Frameworks */,
				AB9CC4711D29592500160DA2 /* Headers */,
				AB9CC4721D29592500160DA2 /* Resources */,
			);
			buildRules = (
			);
			dependencies = (
			);
			name = "UUIDv5-watchOS";
			productName = "UUIDv5-watchOS";
			productReference = AB9CC4741D29592500160DA2 /* UUIDv5.framework */;
			productType = "com.apple.product-type.framework";
		};
		AB9CC4811D29596900160DA2 /* UUIDv5-tvOS */ = {
			isa = PBXNativeTarget;
			buildConfigurationList = AB9CC4871D29596900160DA2 /* Build configuration list for PBXNativeTarget "UUIDv5-tvOS" */;
			buildPhases = (
				AB9CC47D1D29596900160DA2 /* Sources */,
				AB9CC47E1D29596900160DA2 /* Frameworks */,
				AB9CC47F1D29596900160DA2 /* Headers */,
				AB9CC4801D29596900160DA2 /* Resources */,
			);
			buildRules = (
			);
			dependencies = (
			);
			name = "UUIDv5-tvOS";
			productName = "UUIDv5-tvOS";
			productReference = AB9CC4821D29596900160DA2 /* UUIDv5.framework */;
			productType = "com.apple.product-type.framework";
		};
		AB9CC48E1D29598B00160DA2 /* UUIDv5-macOS */ = {
			isa = PBXNativeTarget;
			buildConfigurationList = AB9CC4941D29598B00160DA2 /* Build configuration list for PBXNativeTarget "UUIDv5-macOS" */;
			buildPhases = (
				AB9CC48A1D29598B00160DA2 /* Sources */,
				AB9CC48B1D29598B00160DA2 /* Frameworks */,
				AB9CC48C1D29598B00160DA2 /* Headers */,
				AB9CC48D1D29598B00160DA2 /* Resources */,
			);
			buildRules = (
			);
			dependencies = (
			);
			name = "UUIDv5-macOS";
			productName = "UUIDv5-macOS";
			productReference = AB9CC48F1D29598B00160DA2 /* UUIDv5.framework */;
			productType = "com.apple.product-type.framework";
		};
/* End PBXNativeTarget section */

/* Begin PBXProject section */
		AB9CC4281D29476D00160DA2 /* Project object */ = {
			isa = PBXProject;
			attributes = {
				LastSwiftUpdateCheck = 0800;
				LastUpgradeCheck = 0800;
				ORGANIZATIONNAME = "danilo-topalovic";
				TargetAttributes = {
					AB9CC4301D29476D00160DA2 = {
						CreatedOnToolsVersion = 8.0;
						DevelopmentTeam = XET2U8929Q;
						DevelopmentTeamName = "Danilo Topalovic";
						LastSwiftMigration = 0800;
						ProvisioningStyle = Automatic;
					};
					AB9CC43A1D29476E00160DA2 = {
						CreatedOnToolsVersion = 8.0;
						DevelopmentTeam = Q8NZG86Y6Z;
						DevelopmentTeamName = "Danilo Topalovic (Personal Team)";
						LastSwiftMigration = 0800;
						ProvisioningStyle = Automatic;
					};
					AB9CC4511D294BE900160DA2 = {
						CreatedOnToolsVersion = 8.0;
						DevelopmentTeam = Q8NZG86Y6Z;
						DevelopmentTeamName = "Danilo Topalovic (Personal Team)";
						ProvisioningStyle = Automatic;
					};
					AB9CC4731D29592500160DA2 = {
						CreatedOnToolsVersion = 8.0;
						DevelopmentTeam = Q8NZG86Y6Z;
						DevelopmentTeamName = "Danilo Topalovic (Personal Team)";
						ProvisioningStyle = Automatic;
					};
					AB9CC4811D29596900160DA2 = {
						CreatedOnToolsVersion = 8.0;
						DevelopmentTeam = Q8NZG86Y6Z;
						DevelopmentTeamName = "Danilo Topalovic (Personal Team)";
						ProvisioningStyle = Automatic;
					};
					AB9CC48E1D29598B00160DA2 = {
						CreatedOnToolsVersion = 8.0;
						DevelopmentTeam = Q8NZG86Y6Z;
						DevelopmentTeamName = "Danilo Topalovic (Personal Team)";
						ProvisioningStyle = Automatic;
					};
				};
			};
			buildConfigurationList = AB9CC42B1D29476D00160DA2 /* Build configuration list for PBXProject "UUIDv5" */;
			compatibilityVersion = "Xcode 3.2";
			developmentRegion = English;
			hasScannedForEncodings = 0;
			knownRegions = (
				en,
			);
			mainGroup = AB9CC4271D29476D00160DA2;
			productRefGroup = AB9CC4321D29476D00160DA2 /* Products */;
			projectDirPath = "";
			projectRoot = "";
			targets = (
				AB9CC4301D29476D00160DA2 /* UUIDv5 */,
				AB9CC43A1D29476E00160DA2 /* UUIDv5Tests */,
				AB9CC4511D294BE900160DA2 /* CommonCrypto */,
				AB9CC4621D2958DD00160DA2 /* UUIDv5-iOS */,
				AB9CC4731D29592500160DA2 /* UUIDv5-watchOS */,
				AB9CC4811D29596900160DA2 /* UUIDv5-tvOS */,
				AB9CC48E1D29598B00160DA2 /* UUIDv5-macOS */,
			);
		};
/* End PBXProject section */

/* Begin PBXResourcesBuildPhase section */
		AB9CC42F1D29476D00160DA2 /* Resources */ = {
			isa = PBXResourcesBuildPhase;
			buildActionMask = 2147483647;
			files = (
			);
			runOnlyForDeploymentPostprocessing = 0;
		};
		AB9CC4391D29476E00160DA2 /* Resources */ = {
			isa = PBXResourcesBuildPhase;
			buildActionMask = 2147483647;
			files = (
			);
			runOnlyForDeploymentPostprocessing = 0;
		};
		AB9CC4501D294BE900160DA2 /* Resources */ = {
			isa = PBXResourcesBuildPhase;
			buildActionMask = 2147483647;
			files = (
				AB9CC45E1D294C1400160DA2 /* CommonCrypto.xcconfig in Resources */,
			);
			runOnlyForDeploymentPostprocessing = 0;
		};
		AB9CC4691D2958DD00160DA2 /* Resources */ = {
			isa = PBXResourcesBuildPhase;
			buildActionMask = 2147483647;
			files = (
			);
			runOnlyForDeploymentPostprocessing = 0;
		};
		AB9CC4721D29592500160DA2 /* Resources */ = {
			isa = PBXResourcesBuildPhase;
			buildActionMask = 2147483647;
			files = (
			);
			runOnlyForDeploymentPostprocessing = 0;
		};
		AB9CC4801D29596900160DA2 /* Resources */ = {
			isa = PBXResourcesBuildPhase;
			buildActionMask = 2147483647;
			files = (
			);
			runOnlyForDeploymentPostprocessing = 0;
		};
		AB9CC48D1D29598B00160DA2 /* Resources */ = {
			isa = PBXResourcesBuildPhase;
			buildActionMask = 2147483647;
			files = (
			);
			runOnlyForDeploymentPostprocessing = 0;
		};
/* End PBXResourcesBuildPhase section */

/* Begin PBXSourcesBuildPhase section */
		AB9CC42C1D29476D00160DA2 /* Sources */ = {
			isa = PBXSourcesBuildPhase;
			buildActionMask = 2147483647;
			files = (
				AB9CC44C1D294BCC00160DA2 /* UUID+V5.swift in Sources */,
			);
			runOnlyForDeploymentPostprocessing = 0;
		};
		AB9CC4371D29476E00160DA2 /* Sources */ = {
			isa = PBXSourcesBuildPhase;
			buildActionMask = 2147483647;
			files = (
				AB9CC4611D294CC400160DA2 /* UUIDv5Tests.swift in Sources */,
			);
			runOnlyForDeploymentPostprocessing = 0;
		};
		AB9CC44D1D294BE900160DA2 /* Sources */ = {
			isa = PBXSourcesBuildPhase;
			buildActionMask = 2147483647;
			files = (
			);
			runOnlyForDeploymentPostprocessing = 0;
		};
		AB9CC4631D2958DD00160DA2 /* Sources */ = {
			isa = PBXSourcesBuildPhase;
			buildActionMask = 2147483647;
			files = (
				AB9CC4641D2958DD00160DA2 /* UUID+V5.swift in Sources */,
			);
			runOnlyForDeploymentPostprocessing = 0;
		};
		AB9CC46F1D29592500160DA2 /* Sources */ = {
			isa = PBXSourcesBuildPhase;
			buildActionMask = 2147483647;
			files = (
				AB9CC47C1D29593200160DA2 /* UUID+V5.swift in Sources */,
			);
			runOnlyForDeploymentPostprocessing = 0;
		};
		AB9CC47D1D29596900160DA2 /* Sources */ = {
			isa = PBXSourcesBuildPhase;
			buildActionMask = 2147483647;
			files = (
				AB9CC4971D29599200160DA2 /* UUID+V5.swift in Sources */,
			);
			runOnlyForDeploymentPostprocessing = 0;
		};
		AB9CC48A1D29598B00160DA2 /* Sources */ = {
			isa = PBXSourcesBuildPhase;
			buildActionMask = 2147483647;
			files = (
				AB9CC4981D29599300160DA2 /* UUID+V5.swift in Sources */,
			);
			runOnlyForDeploymentPostprocessing = 0;
		};
/* End PBXSourcesBuildPhase section */

/* Begin PBXTargetDependency section */
		AB9CC43E1D29476E00160DA2 /* PBXTargetDependency */ = {
			isa = PBXTargetDependency;
			target = AB9CC4301D29476D00160DA2 /* UUIDv5 */;
			targetProxy = AB9CC43D1D29476E00160DA2 /* PBXContainerItemProxy */;
		};
/* End PBXTargetDependency section */

/* Begin XCBuildConfiguration section */
		AB9CC4431D29476E00160DA2 /* Debug */ = {
			isa = XCBuildConfiguration;
			buildSettings = {
				ALWAYS_SEARCH_USER_PATHS = NO;
				CLANG_ANALYZER_NONNULL = YES;
				CLANG_CXX_LANGUAGE_STANDARD = "gnu++0x";
				CLANG_CXX_LIBRARY = "libc++";
				CLANG_ENABLE_MODULES = YES;
				CLANG_ENABLE_OBJC_ARC = YES;
				CLANG_WARN_BOOL_CONVERSION = YES;
				CLANG_WARN_CONSTANT_CONVERSION = YES;
				CLANG_WARN_DIRECT_OBJC_ISA_USAGE = YES_ERROR;
				CLANG_WARN_DOCUMENTATION_COMMENTS = YES;
				CLANG_WARN_EMPTY_BODY = YES;
				CLANG_WARN_ENUM_CONVERSION = YES;
				CLANG_WARN_INT_CONVERSION = YES;
				CLANG_WARN_OBJC_ROOT_CLASS = YES_ERROR;
				CLANG_WARN_UNREACHABLE_CODE = YES;
				CLANG_WARN__DUPLICATE_METHOD_MATCH = YES;
				"CODE_SIGN_IDENTITY[sdk=iphoneos*]" = "iPhone Developer";
				COPY_PHASE_STRIP = NO;
				CURRENT_PROJECT_VERSION = 1;
				DEBUG_INFORMATION_FORMAT = dwarf;
				ENABLE_STRICT_OBJC_MSGSEND = YES;
				ENABLE_TESTABILITY = YES;
				GCC_C_LANGUAGE_STANDARD = gnu99;
				GCC_DYNAMIC_NO_PIC = NO;
				GCC_NO_COMMON_BLOCKS = YES;
				GCC_OPTIMIZATION_LEVEL = 0;
				GCC_PREPROCESSOR_DEFINITIONS = (
					"DEBUG=1",
					"$(inherited)",
				);
				GCC_WARN_64_TO_32_BIT_CONVERSION = YES;
				GCC_WARN_ABOUT_RETURN_TYPE = YES_ERROR;
				GCC_WARN_UNDECLARED_SELECTOR = YES;
				GCC_WARN_UNINITIALIZED_AUTOS = YES_AGGRESSIVE;
				GCC_WARN_UNUSED_FUNCTION = YES;
				GCC_WARN_UNUSED_VARIABLE = YES;
				IPHONEOS_DEPLOYMENT_TARGET = 10.0;
				MTL_ENABLE_DEBUG_INFO = YES;
				ONLY_ACTIVE_ARCH = YES;
				SDKROOT = iphoneos;
				SWIFT_ACTIVE_COMPILATION_CONDITIONS = DEBUG;
				SWIFT_OPTIMIZATION_LEVEL = "-Onone";
				TARGETED_DEVICE_FAMILY = "1,2";
				VERSIONING_SYSTEM = "apple-generic";
				VERSION_INFO_PREFIX = "";
			};
			name = Debug;
		};
		AB9CC4441D29476E00160DA2 /* Release */ = {
			isa = XCBuildConfiguration;
			buildSettings = {
				ALWAYS_SEARCH_USER_PATHS = NO;
				CLANG_ANALYZER_NONNULL = YES;
				CLANG_CXX_LANGUAGE_STANDARD = "gnu++0x";
				CLANG_CXX_LIBRARY = "libc++";
				CLANG_ENABLE_MODULES = YES;
				CLANG_ENABLE_OBJC_ARC = YES;
				CLANG_WARN_BOOL_CONVERSION = YES;
				CLANG_WARN_CONSTANT_CONVERSION = YES;
				CLANG_WARN_DIRECT_OBJC_ISA_USAGE = YES_ERROR;
				CLANG_WARN_DOCUMENTATION_COMMENTS = YES;
				CLANG_WARN_EMPTY_BODY = YES;
				CLANG_WARN_ENUM_CONVERSION = YES;
				CLANG_WARN_INT_CONVERSION = YES;
				CLANG_WARN_OBJC_ROOT_CLASS = YES_ERROR;
				CLANG_WARN_UNREACHABLE_CODE = YES;
				CLANG_WARN__DUPLICATE_METHOD_MATCH = YES;
				"CODE_SIGN_IDENTITY[sdk=iphoneos*]" = "iPhone Developer";
				COPY_PHASE_STRIP = NO;
				CURRENT_PROJECT_VERSION = 1;
				DEBUG_INFORMATION_FORMAT = "dwarf-with-dsym";
				ENABLE_NS_ASSERTIONS = NO;
				ENABLE_STRICT_OBJC_MSGSEND = YES;
				GCC_C_LANGUAGE_STANDARD = gnu99;
				GCC_NO_COMMON_BLOCKS = YES;
				GCC_WARN_64_TO_32_BIT_CONVERSION = YES;
				GCC_WARN_ABOUT_RETURN_TYPE = YES_ERROR;
				GCC_WARN_UNDECLARED_SELECTOR = YES;
				GCC_WARN_UNINITIALIZED_AUTOS = YES_AGGRESSIVE;
				GCC_WARN_UNUSED_FUNCTION = YES;
				GCC_WARN_UNUSED_VARIABLE = YES;
				IPHONEOS_DEPLOYMENT_TARGET = 10.0;
				MTL_ENABLE_DEBUG_INFO = NO;
				SDKROOT = iphoneos;
				SWIFT_OPTIMIZATION_LEVEL = "-Owholemodule";
				TARGETED_DEVICE_FAMILY = "1,2";
				VALIDATE_PRODUCT = YES;
				VERSIONING_SYSTEM = "apple-generic";
				VERSION_INFO_PREFIX = "";
			};
			name = Release;
		};
		AB9CC4461D29476E00160DA2 /* Debug */ = {
			isa = XCBuildConfiguration;
			buildSettings = {
				CLANG_ENABLE_MODULES = YES;
				DEFINES_MODULE = YES;
				DYLIB_COMPATIBILITY_VERSION = 1;
				DYLIB_CURRENT_VERSION = 1;
				DYLIB_INSTALL_NAME_BASE = "@rpath";
				INFOPLIST_FILE = UUIDv5/Info.plist;
				INSTALL_PATH = "$(LOCAL_LIBRARY_DIR)/Frameworks";
				LD_RUNPATH_SEARCH_PATHS = "$(inherited) @executable_path/Frameworks @loader_path/Frameworks";
				PRODUCT_BUNDLE_IDENTIFIER = "de.danilo-topalovic.UUIDv5";
				PRODUCT_NAME = "$(TARGET_NAME)";
				SKIP_INSTALL = YES;
				SWIFT_OPTIMIZATION_LEVEL = "-Onone";
				SWIFT_VERSION = 3.0;
			};
			name = Debug;
		};
		AB9CC4471D29476E00160DA2 /* Release */ = {
			isa = XCBuildConfiguration;
			buildSettings = {
				CLANG_ENABLE_MODULES = YES;
				DEFINES_MODULE = YES;
				DYLIB_COMPATIBILITY_VERSION = 1;
				DYLIB_CURRENT_VERSION = 1;
				DYLIB_INSTALL_NAME_BASE = "@rpath";
				INFOPLIST_FILE = UUIDv5/Info.plist;
				INSTALL_PATH = "$(LOCAL_LIBRARY_DIR)/Frameworks";
				LD_RUNPATH_SEARCH_PATHS = "$(inherited) @executable_path/Frameworks @loader_path/Frameworks";
				PRODUCT_BUNDLE_IDENTIFIER = "de.danilo-topalovic.UUIDv5";
				PRODUCT_NAME = "$(TARGET_NAME)";
				SKIP_INSTALL = YES;
				SWIFT_VERSION = 3.0;
			};
			name = Release;
		};
		AB9CC4491D29476E00160DA2 /* Debug */ = {
			isa = XCBuildConfiguration;
			buildSettings = {
				CLANG_ENABLE_MODULES = YES;
				INFOPLIST_FILE = UUIDv5Tests/Info.plist;
				LD_RUNPATH_SEARCH_PATHS = "$(inherited) @executable_path/Frameworks @loader_path/Frameworks";
				PRODUCT_BUNDLE_IDENTIFIER = "de.danilo-topalovic.UUIDv5Tests";
				PRODUCT_NAME = "$(TARGET_NAME)";
				SWIFT_OPTIMIZATION_LEVEL = "-Onone";
				SWIFT_VERSION = 3.0;
			};
			name = Debug;
		};
		AB9CC44A1D29476E00160DA2 /* Release */ = {
			isa = XCBuildConfiguration;
			buildSettings = {
				CLANG_ENABLE_MODULES = YES;
				INFOPLIST_FILE = UUIDv5Tests/Info.plist;
				LD_RUNPATH_SEARCH_PATHS = "$(inherited) @executable_path/Frameworks @loader_path/Frameworks";
				PRODUCT_BUNDLE_IDENTIFIER = "de.danilo-topalovic.UUIDv5Tests";
				PRODUCT_NAME = "$(TARGET_NAME)";
				SWIFT_VERSION = 3.0;
			};
			name = Release;
		};
		AB9CC4581D294BEA00160DA2 /* Debug */ = {
			isa = XCBuildConfiguration;
			baseConfigurationReference = AB9CC45A1D294C1400160DA2 /* CommonCrypto.xcconfig */;
			buildSettings = {
				DEFINES_MODULE = YES;
				DYLIB_COMPATIBILITY_VERSION = 1;
				DYLIB_CURRENT_VERSION = 1;
				DYLIB_INSTALL_NAME_BASE = "@rpath";
				INFOPLIST_FILE = CommonCrypto/Info.plist;
				INSTALL_PATH = "$(LOCAL_LIBRARY_DIR)/Frameworks";
				LD_RUNPATH_SEARCH_PATHS = "$(inherited) @executable_path/Frameworks @loader_path/Frameworks";
				PRODUCT_BUNDLE_IDENTIFIER = "de.danilo-topalovic.CommonCrypto";
				PRODUCT_NAME = "$(TARGET_NAME)";
				SKIP_INSTALL = YES;
				SUPPORTED_PLATFORMS = "iphonesimulator iphoneos macosx watchsimulator watchos appletvsimulator appletvos";
			};
			name = Debug;
		};
		AB9CC4591D294BEA00160DA2 /* Release */ = {
			isa = XCBuildConfiguration;
			baseConfigurationReference = AB9CC45A1D294C1400160DA2 /* CommonCrypto.xcconfig */;
			buildSettings = {
				DEFINES_MODULE = YES;
				DYLIB_COMPATIBILITY_VERSION = 1;
				DYLIB_CURRENT_VERSION = 1;
				DYLIB_INSTALL_NAME_BASE = "@rpath";
				INFOPLIST_FILE = CommonCrypto/Info.plist;
				INSTALL_PATH = "$(LOCAL_LIBRARY_DIR)/Frameworks";
				LD_RUNPATH_SEARCH_PATHS = "$(inherited) @executable_path/Frameworks @loader_path/Frameworks";
				PRODUCT_BUNDLE_IDENTIFIER = "de.danilo-topalovic.CommonCrypto";
				PRODUCT_NAME = "$(TARGET_NAME)";
				SKIP_INSTALL = YES;
				SUPPORTED_PLATFORMS = "iphonesimulator iphoneos macosx watchsimulator watchos appletvsimulator appletvos";
			};
			name = Release;
		};
		AB9CC46B1D2958DD00160DA2 /* Debug */ = {
			isa = XCBuildConfiguration;
			buildSettings = {
				CLANG_ENABLE_MODULES = YES;
				DEFINES_MODULE = YES;
				DYLIB_COMPATIBILITY_VERSION = 1;
				DYLIB_CURRENT_VERSION = 1;
				DYLIB_INSTALL_NAME_BASE = "@rpath";
				INFOPLIST_FILE = "UUIDv5 copy-Info.plist";
				INSTALL_PATH = "$(LOCAL_LIBRARY_DIR)/Frameworks";
				LD_RUNPATH_SEARCH_PATHS = "$(inherited) @executable_path/Frameworks @loader_path/Frameworks";
				PRODUCT_BUNDLE_IDENTIFIER = "de.danilo-topalovic.UUIDv5";
				PRODUCT_MODULE_NAME = UUIDv5;
				PRODUCT_NAME = UUIDv5;
				SKIP_INSTALL = YES;
				SWIFT_OPTIMIZATION_LEVEL = "-Onone";
				SWIFT_VERSION = 3.0;
			};
			name = Debug;
		};
		AB9CC46C1D2958DD00160DA2 /* Release */ = {
			isa = XCBuildConfiguration;
			buildSettings = {
				CLANG_ENABLE_MODULES = YES;
				DEFINES_MODULE = YES;
				DYLIB_COMPATIBILITY_VERSION = 1;
				DYLIB_CURRENT_VERSION = 1;
				DYLIB_INSTALL_NAME_BASE = "@rpath";
				INFOPLIST_FILE = "UUIDv5 copy-Info.plist";
				INSTALL_PATH = "$(LOCAL_LIBRARY_DIR)/Frameworks";
				LD_RUNPATH_SEARCH_PATHS = "$(inherited) @executable_path/Frameworks @loader_path/Frameworks";
				PRODUCT_BUNDLE_IDENTIFIER = "de.danilo-topalovic.UUIDv5";
				PRODUCT_MODULE_NAME = UUIDv5;
				PRODUCT_NAME = UUIDv5;
				SKIP_INSTALL = YES;
				SWIFT_VERSION = 3.0;
			};
			name = Release;
		};
		AB9CC47A1D29592500160DA2 /* Debug */ = {
			isa = XCBuildConfiguration;
			buildSettings = {
				APPLICATION_EXTENSION_API_ONLY = YES;
				DEFINES_MODULE = YES;
				DYLIB_COMPATIBILITY_VERSION = 1;
				DYLIB_CURRENT_VERSION = 1;
				DYLIB_INSTALL_NAME_BASE = "@rpath";
				INFOPLIST_FILE = "UUIDv5-watchOS/Info.plist";
				INSTALL_PATH = "$(LOCAL_LIBRARY_DIR)/Frameworks";
				LD_RUNPATH_SEARCH_PATHS = "$(inherited) @executable_path/Frameworks @loader_path/Frameworks";
				PRODUCT_BUNDLE_IDENTIFIER = "de.danilo-topalovic.UUIDv5-watchOS";
				PRODUCT_MODULE_NAME = UUIDv5;
				PRODUCT_NAME = UUIDv5;
				SDKROOT = watchos;
				SKIP_INSTALL = YES;
				SWIFT_VERSION = 3.0;
				TARGETED_DEVICE_FAMILY = 4;
				WATCHOS_DEPLOYMENT_TARGET = 3.0;
			};
			name = Debug;
		};
		AB9CC47B1D29592500160DA2 /* Release */ = {
			isa = XCBuildConfiguration;
			buildSettings = {
				APPLICATION_EXTENSION_API_ONLY = YES;
				DEFINES_MODULE = YES;
				DYLIB_COMPATIBILITY_VERSION = 1;
				DYLIB_CURRENT_VERSION = 1;
				DYLIB_INSTALL_NAME_BASE = "@rpath";
				INFOPLIST_FILE = "UUIDv5-watchOS/Info.plist";
				INSTALL_PATH = "$(LOCAL_LIBRARY_DIR)/Frameworks";
				LD_RUNPATH_SEARCH_PATHS = "$(inherited) @executable_path/Frameworks @loader_path/Frameworks";
				PRODUCT_BUNDLE_IDENTIFIER = "de.danilo-topalovic.UUIDv5-watchOS";
				PRODUCT_MODULE_NAME = UUIDv5;
				PRODUCT_NAME = UUIDv5;
				SDKROOT = watchos;
				SKIP_INSTALL = YES;
				SWIFT_VERSION = 3.0;
				TARGETED_DEVICE_FAMILY = 4;
				WATCHOS_DEPLOYMENT_TARGET = 3.0;
			};
			name = Release;
		};
		AB9CC4881D29596900160DA2 /* Debug */ = {
			isa = XCBuildConfiguration;
			buildSettings = {
				DEFINES_MODULE = YES;
				DYLIB_COMPATIBILITY_VERSION = 1;
				DYLIB_CURRENT_VERSION = 1;
				DYLIB_INSTALL_NAME_BASE = "@rpath";
				INFOPLIST_FILE = "UUIDv5-tvOS/Info.plist";
				INSTALL_PATH = "$(LOCAL_LIBRARY_DIR)/Frameworks";
				LD_RUNPATH_SEARCH_PATHS = "$(inherited) @executable_path/Frameworks @loader_path/Frameworks";
				PRODUCT_BUNDLE_IDENTIFIER = "de.danilo-topalovic.UUIDv5-tvOS";
				PRODUCT_MODULE_NAME = UUIDv5;
				PRODUCT_NAME = UUIDv5;
				SDKROOT = appletvos;
				SKIP_INSTALL = YES;
				SWIFT_VERSION = 3.0;
				TARGETED_DEVICE_FAMILY = 3;
				TVOS_DEPLOYMENT_TARGET = 10.0;
			};
			name = Debug;
		};
		AB9CC4891D29596900160DA2 /* Release */ = {
			isa = XCBuildConfiguration;
			buildSettings = {
				DEFINES_MODULE = YES;
				DYLIB_COMPATIBILITY_VERSION = 1;
				DYLIB_CURRENT_VERSION = 1;
				DYLIB_INSTALL_NAME_BASE = "@rpath";
				INFOPLIST_FILE = "UUIDv5-tvOS/Info.plist";
				INSTALL_PATH = "$(LOCAL_LIBRARY_DIR)/Frameworks";
				LD_RUNPATH_SEARCH_PATHS = "$(inherited) @executable_path/Frameworks @loader_path/Frameworks";
				PRODUCT_BUNDLE_IDENTIFIER = "de.danilo-topalovic.UUIDv5-tvOS";
				PRODUCT_MODULE_NAME = UUIDv5;
				PRODUCT_NAME = UUIDv5;
				SDKROOT = appletvos;
				SKIP_INSTALL = YES;
				SWIFT_VERSION = 3.0;
				TARGETED_DEVICE_FAMILY = 3;
				TVOS_DEPLOYMENT_TARGET = 10.0;
			};
			name = Release;
		};
		AB9CC4951D29598B00160DA2 /* Debug */ = {
			isa = XCBuildConfiguration;
			buildSettings = {
				CODE_SIGN_IDENTITY = "-";
				COMBINE_HIDPI_IMAGES = YES;
				DEFINES_MODULE = YES;
				DYLIB_COMPATIBILITY_VERSION = 1;
				DYLIB_CURRENT_VERSION = 1;
				DYLIB_INSTALL_NAME_BASE = "@rpath";
				FRAMEWORK_VERSION = A;
				INFOPLIST_FILE = "UUIDv5-macOS/Info.plist";
				INSTALL_PATH = "$(LOCAL_LIBRARY_DIR)/Frameworks";
				LD_RUNPATH_SEARCH_PATHS = "$(inherited) @executable_path/../Frameworks @loader_path/Frameworks";
				MACOSX_DEPLOYMENT_TARGET = 10.11;
				PRODUCT_BUNDLE_IDENTIFIER = "de.danilo-topalovic.UUIDv5-macOS";
				PRODUCT_MODULE_NAME = UUIDv5;
				PRODUCT_NAME = UUIDv5;
				SDKROOT = macosx;
				SKIP_INSTALL = YES;
				SWIFT_VERSION = 3.0;
			};
			name = Debug;
		};
		AB9CC4961D29598B00160DA2 /* Release */ = {
			isa = XCBuildConfiguration;
			buildSettings = {
				CODE_SIGN_IDENTITY = "-";
				COMBINE_HIDPI_IMAGES = YES;
				DEFINES_MODULE = YES;
				DYLIB_COMPATIBILITY_VERSION = 1;
				DYLIB_CURRENT_VERSION = 1;
				DYLIB_INSTALL_NAME_BASE = "@rpath";
				FRAMEWORK_VERSION = A;
				INFOPLIST_FILE = "UUIDv5-macOS/Info.plist";
				INSTALL_PATH = "$(LOCAL_LIBRARY_DIR)/Frameworks";
				LD_RUNPATH_SEARCH_PATHS = "$(inherited) @executable_path/../Frameworks @loader_path/Frameworks";
				MACOSX_DEPLOYMENT_TARGET = 10.11;
				PRODUCT_BUNDLE_IDENTIFIER = "de.danilo-topalovic.UUIDv5-macOS";
				PRODUCT_MODULE_NAME = UUIDv5;
				PRODUCT_NAME = UUIDv5;
				SDKROOT = macosx;
				SKIP_INSTALL = YES;
				SWIFT_VERSION = 3.0;
			};
			name = Release;
		};
/* End XCBuildConfiguration section */

/* Begin XCConfigurationList section */
		AB9CC42B1D29476D00160DA2 /* Build configuration list for PBXProject "UUIDv5" */ = {
			isa = XCConfigurationList;
			buildConfigurations = (
				AB9CC4431D29476E00160DA2 /* Debug */,
				AB9CC4441D29476E00160DA2 /* Release */,
			);
			defaultConfigurationIsVisible = 0;
			defaultConfigurationName = Release;
		};
		AB9CC4451D29476E00160DA2 /* Build configuration list for PBXNativeTarget "UUIDv5" */ = {
			isa = XCConfigurationList;
			buildConfigurations = (
				AB9CC4461D29476E00160DA2 /* Debug */,
				AB9CC4471D29476E00160DA2 /* Release */,
			);
			defaultConfigurationIsVisible = 0;
			defaultConfigurationName = Release;
		};
		AB9CC4481D29476E00160DA2 /* Build configuration list for PBXNativeTarget "UUIDv5Tests" */ = {
			isa = XCConfigurationList;
			buildConfigurations = (
				AB9CC4491D29476E00160DA2 /* Debug */,
				AB9CC44A1D29476E00160DA2 /* Release */,
			);
			defaultConfigurationIsVisible = 0;
			defaultConfigurationName = Release;
		};
		AB9CC4571D294BEA00160DA2 /* Build configuration list for PBXNativeTarget "CommonCrypto" */ = {
			isa = XCConfigurationList;
			buildConfigurations = (
				AB9CC4581D294BEA00160DA2 /* Debug */,
				AB9CC4591D294BEA00160DA2 /* Release */,
			);
			defaultConfigurationIsVisible = 0;
			defaultConfigurationName = Release;
		};
		AB9CC46A1D2958DD00160DA2 /* Build configuration list for PBXNativeTarget "UUIDv5-iOS" */ = {
			isa = XCConfigurationList;
			buildConfigurations = (
				AB9CC46B1D2958DD00160DA2 /* Debug */,
				AB9CC46C1D2958DD00160DA2 /* Release */,
			);
			defaultConfigurationIsVisible = 0;
			defaultConfigurationName = Release;
		};
		AB9CC4791D29592500160DA2 /* Build configuration list for PBXNativeTarget "UUIDv5-watchOS" */ = {
			isa = XCConfigurationList;
			buildConfigurations = (
				AB9CC47A1D29592500160DA2 /* Debug */,
				AB9CC47B1D29592500160DA2 /* Release */,
			);
			defaultConfigurationIsVisible = 0;
			defaultConfigurationName = Release;
		};
		AB9CC4871D29596900160DA2 /* Build configuration list for PBXNativeTarget "UUIDv5-tvOS" */ = {
			isa = XCConfigurationList;
			buildConfigurations = (
				AB9CC4881D29596900160DA2 /* Debug */,
				AB9CC4891D29596900160DA2 /* Release */,
			);
			defaultConfigurationIsVisible = 0;
			defaultConfigurationName = Release;
		};
		AB9CC4941D29598B00160DA2 /* Build configuration list for PBXNativeTarget "UUIDv5-macOS" */ = {
			isa = XCConfigurationList;
			buildConfigurations = (
				AB9CC4951D29598B00160DA2 /* Debug */,
				AB9CC4961D29598B00160DA2 /* Release */,
			);
			defaultConfigurationIsVisible = 0;
			defaultConfigurationName = Release;
		};
/* End XCConfigurationList section */
	};
	rootObject = AB9CC4281D29476D00160DA2 /* Project object */;
}
